{
  "version": 4,
  "terraform_version": "1.15.3",
  "serial": 9,
  "lineage": "f361c5bd-da23-01e7-83a5-f20a9ff14db0",
  "outputs": {
    "owner_emails": {
      "value": [
        "alice@example.com",
        "bob@example.com"
      ],
      "type": [
        "tuple",
        [
          "string",
          "string"
        ]
      ]
    },
    "secret_token_echo": {
      "value": "change-me",
      "type": "string",
      "sensitive": true
    },
    "summary": {
      "value": {
        "environment": "dev",
        "feature_status": "enabled",
        "generated_file": "./generated-terraform-showcase-dev.txt",
        "prefix": "terraform-showcase-dev",
        "project": "terraform-showcase",
        "random_suffix": "special-tapir",
        "sanitized": "terraform-showcase-dev"
      },
      "type": [
        "object",
        {
          "environment": "string",
          "feature_status": "string",
          "generated_file": "string",
          "prefix": "string",
          "project": "string",
          "random_suffix": "string",
          "sanitized": "string"
        }
      ]
    }
  },
  "resources": [
    {
      "mode": "data",
      "type": "http",
      "name": "example",
      "provider": "provider[\"registry.terraform.io/hashicorp/http\"]",
      "instances": [
        {
          "schema_version": 0,
          "attributes": {
            "body": "\u003c!doctype html\u003e\u003chtml lang=\"en\"\u003e\u003chead\u003e\u003ctitle\u003eExample Domain\u003c/title\u003e\u003clink rel=\"icon\" href=\"data:,\"\u003e\u003cmeta name=\"viewport\" content=\"width=device-width, initial-scale=1\"\u003e\u003cstyle\u003ebody{background:#eee;width:60vw;margin:15vh auto;font-family:system-ui,sans-serif}h1{font-size:1.5em}div{opacity:0.8}a:link,a:visited{color:#348}\u003c/style\u003e\u003c/head\u003e\u003cbody\u003e\u003cdiv\u003e\u003ch1\u003eExample Domain\u003c/h1\u003e\u003cp\u003eThis domain is for use in documentation examples without needing permission. Avoid use in operations.\u003c/p\u003e\u003cp\u003e\u003ca href=\"https://iana.org/domains/example\"\u003eLearn more\u003c/a\u003e\u003c/p\u003e\u003c/div\u003e\u003c/body\u003e\u003c/html\u003e\n",
            "ca_cert_pem": null,
            "client_cert_pem": null,
            "client_key_pem": null,
            "id": "https://example.com",
            "insecure": null,
            "method": null,
            "request_body": null,
            "request_headers": null,
            "request_timeout_ms": null,
            "response_body": "\u003c!doctype html\u003e\u003chtml lang=\"en\"\u003e\u003chead\u003e\u003ctitle\u003eExample Domain\u003c/title\u003e\u003clink rel=\"icon\" href=\"data:,\"\u003e\u003cmeta name=\"viewport\" content=\"width=device-width, initial-scale=1\"\u003e\u003cstyle\u003ebody{background:#eee;width:60vw;margin:15vh auto;font-family:system-ui,sans-serif}h1{font-size:1.5em}div{opacity:0.8}a:link,a:visited{color:#348}\u003c/style\u003e\u003c/head\u003e\u003cbody\u003e\u003cdiv\u003e\u003ch1\u003eExample Domain\u003c/h1\u003e\u003cp\u003eThis domain is for use in documentation examples without needing permission. Avoid use in operations.\u003c/p\u003e\u003cp\u003e\u003ca href=\"https://iana.org/domains/example\"\u003eLearn more\u003c/a\u003e\u003c/p\u003e\u003c/div\u003e\u003c/body\u003e\u003c/html\u003e\n",
            "response_body_base64": "PCFkb2N0eXBlIGh0bWw+PGh0bWwgbGFuZz0iZW4iPjxoZWFkPjx0aXRsZT5FeGFtcGxlIERvbWFpbjwvdGl0bGU+PGxpbmsgcmVsPSJpY29uIiBocmVmPSJkYXRhOiwiPjxtZXRhIG5hbWU9InZpZXdwb3J0IiBjb250ZW50PSJ3aWR0aD1kZXZpY2Utd2lkdGgsIGluaXRpYWwtc2NhbGU9MSI+PHN0eWxlPmJvZHl7YmFja2dyb3VuZDojZWVlO3dpZHRoOjYwdnc7bWFyZ2luOjE1dmggYXV0bztmb250LWZhbWlseTpzeXN0ZW0tdWksc2Fucy1zZXJpZn1oMXtmb250LXNpemU6MS41ZW19ZGl2e29wYWNpdHk6MC44fWE6bGluayxhOnZpc2l0ZWR7Y29sb3I6IzM0OH08L3N0eWxlPjwvaGVhZD48Ym9keT48ZGl2PjxoMT5FeGFtcGxlIERvbWFpbjwvaDE+PHA+VGhpcyBkb21haW4gaXMgZm9yIHVzZSBpbiBkb2N1bWVudGF0aW9uIGV4YW1wbGVzIHdpdGhvdXQgbmVlZGluZyBwZXJtaXNzaW9uLiBBdm9pZCB1c2UgaW4gb3BlcmF0aW9ucy48L3A+PHA+PGEgaHJlZj0iaHR0cHM6Ly9pYW5hLm9yZy9kb21haW5zL2V4YW1wbGUiPkxlYXJuIG1vcmU8L2E+PC9wPjwvZGl2PjwvYm9keT48L2h0bWw+Cg==",
            "response_headers": {
              "Age": "196",
              "Allow": "GET, HEAD",
              "Cf-Cache-Status": "HIT",
              "Cf-Ray": "a188fb14fd516329-LHR",
              "Content-Type": "text/html",
              "Date": "Thu, 09 Jul 2026 17:17:11 GMT",
              "Last-Modified": "Wed, 01 Jul 2026 17:50:18 GMT",
              "Server": "cloudflare"
            },
            "retry": null,
            "status_code": 200,
            "url": "https://example.com"
          },
          "sensitive_attributes": [],
          "identity_schema_version": 0
        }
      ]
    },
    {
      "mode": "managed",
      "type": "local_file",
      "name": "json_manifest",
      "provider": "provider[\"registry.terraform.io/hashicorp/local\"].secondary",
      "instances": [
        {
          "schema_version": 0,
          "attributes": {
            "content": "{\"metadata\":{\"name\":\"terraform-showcase-dev\",\"owner_index\":{\"alice\":0,\"bob\":1},\"owners\":[\"alice\",\"bob\"]},\"spec\":{\"feature_status\":\"enabled\",\"note\":null,\"retries\":3,\"tags\":{\"environment\":\"dev\",\"managed_by\":\"terraform\",\"project\":\"terraform-showcase\",\"stack\":\"terraform\",\"team\":\"platform\"}}}",
            "content_base64": null,
            "content_base64sha256": "ljVhYWwvHPcgCplM71YFGswszB+j2a7yh50z1jMNYTE=",
            "content_base64sha512": "YduCNensXRhUfHLRu0dw5xq9QVgj8bheIpcUsFhBzH5bRjUVxNxwrCbyb76/hduuLPPQrd6fR+mu6uhC+RsSfA==",
            "content_md5": "9ea7c92a482ee04c9ad754878c5c2a00",
            "content_sha1": "d2dac102e0e8efcd184054935b9d08ee68466f35",
            "content_sha256": "963561616c2f1cf7200a994cef56051acc2ccc1fa3d9aef2879d33d6330d6131",
            "content_sha512": "61db8235e9ec5d18547c72d1bb4770e71abd415823f1b85e229714b05841cc7e5b463515c4dc70ac26f26fbebf85dbae2cf3d0adde9f47e9aeeae842f91b127c",
            "directory_permission": "0777",
            "file_permission": "0777",
            "filename": "./manifest-terraform-showcase-dev.json",
            "id": "d2dac102e0e8efcd184054935b9d08ee68466f35",
            "sensitive_content": null,
            "source": null
          },
          "sensitive_attributes": [
            [
              {
                "type": "get_attr",
                "value": "sensitive_content"
              }
            ]
          ],
          "identity_schema_version": 0
        }
      ]
    },
    {
      "mode": "managed",
      "type": "local_file",
      "name": "owner_files",
      "provider": "provider[\"registry.terraform.io/hashicorp/local\"]",
      "instances": [
        {
          "index_key": "alice",
          "schema_version": 0,
          "attributes": {
            "content": "Owner file\n----------\nName  : alice\nEmail : alice@example.com\nIndex : 0\n",
            "content_base64": null,
            "content_base64sha256": "MHSp4u+ADvP9FTZtiTK9pfPPxaRTiv7X7XtFcmW9GPQ=",
            "content_base64sha512": "A+58OD3Wndhkapk49nrowdpBcxWuoZz8rCh5x2R2IBrXvcWnNJ+V+41GpHZ0XmA2k6EzyedDOPEPcQLPYrhPyA==",
            "content_md5": "b46ecc9f919e2f261faa2abeaa865562",
            "content_sha1": "dfe358e8fb92ab31bbdb0bb1b6d7a10f00859aa5",
            "content_sha256": "3074a9e2ef800ef3fd15366d8932bda5f3cfc5a4538afed7ed7b457265bd18f4",
            "content_sha512": "03ee7c383dd69dd8646a9938f67ae8c1da417315aea19cfcac2879c76476201ad7bdc5a7349f95fb8d46a476745e603693a133c9e74338f10f7102cf62b84fc8",
            "directory_permission": "0777",
            "file_permission": "0777",
            "filename": "./owner-alice.txt",
            "id": "dfe358e8fb92ab31bbdb0bb1b6d7a10f00859aa5",
            "sensitive_content": null,
            "source": null
          },
          "sensitive_attributes": [
            [
              {
                "type": "get_attr",
                "value": "sensitive_content"
              }
            ]
          ],
          "identity_schema_version": 0
        },
        {
          "index_key": "bob",
          "schema_version": 0,
          "attributes": {
            "content": "Owner file\n----------\nName  : bob\nEmail : bob@example.com\nIndex : 1\n",
            "content_base64": null,
            "content_base64sha256": "kzWkqavT+bOK+xMU4rebVLT/+Yd/CSrOpXX7q/IP13g=",
            "content_base64sha512": "OCj3grrfnTcv7DIbmsXlDSj+PFJf9wl1II1LRuJaxPKrt7k0XWqYPgT2/2uc9v0/RRjU3gHHMotENPvtabrE2w==",
            "content_md5": "a1ab8c6684f62912ca23f2d9ad01fad8",
            "content_sha1": "edfdae9edc4a6a07cfac28dffdf3011cfcf99f1c",
            "content_sha256": "9335a4a9abd3f9b38afb1314e2b79b54b4fff9877f092acea575fbabf20fd778",
            "content_sha512": "3828f782badf9d372fec321b9ac5e50d28fe3c525ff70975208d4b46e25ac4f2abb7b9345d6a983e04f6ff6b9cf6fd3f4518d4de01c7328b4434fbed69bac4db",
            "directory_permission": "0777",
            "file_permission": "0777",
            "filename": "./owner-bob.txt",
            "id": "edfdae9edc4a6a07cfac28dffdf3011cfcf99f1c",
            "sensitive_content": null,
            "source": null
          },
          "sensitive_attributes": [
            [
              {
                "type": "get_attr",
                "value": "sensitive_content"
              }
            ]
          ],
          "identity_schema_version": 0
        }
      ]
    },
    {
      "mode": "managed",
      "type": "local_file",
      "name": "readme",
      "provider": "provider[\"registry.terraform.io/hashicorp/local\"]",
      "instances": [
        {
          "schema_version": 0,
          "attributes": {
            "content": "Terraform Showcase\n==================\n\nPrefix             : terraform-showcase-dev\nSanitized Prefix   : terraform-showcase-dev\nRandom Suffix      : special-tapir\nFeature Status     : enabled\nOwners             : alice, bob\nOwner Emails       : alice@example.com, bob@example.com\nHTTP Status        : 200\nOptional Note Set? : false\n",
            "content_base64": null,
            "content_base64sha256": "TsnzLbUNqfeQpeTtfrApilwk/kOKbq8RjQM2TdBsMKw=",
            "content_base64sha512": "HnCch0exJDCYMa2uvH74xMXLvSmu7GklLwIzIelj4ExDFfVUTb/jEenGJy5STdT/gPSb6gm09SFKVuwpivZieQ==",
            "content_md5": "0205d0c5af592e3a1d695577f5c21b74",
            "content_sha1": "9beafd53ae654ee5f15e5c3a02db5ac775d59cdb",
            "content_sha256": "4ec9f32db50da9f790a5e4ed7eb0298a5c24fe438a6eaf118d03364dd06c30ac",
            "content_sha512": "1e709c8747b124309831adaebc7ef8c4c5cbbd29aeec69252f023321e963e04c4315f5544dbfe311e9c6272e524dd4ff80f49bea09b4f5214a56ec298af66279",
            "directory_permission": "0777",
            "file_permission": "0777",
            "filename": "./generated-terraform-showcase-dev.txt",
            "id": "9beafd53ae654ee5f15e5c3a02db5ac775d59cdb",
            "sensitive_content": null,
            "source": null
          },
          "sensitive_attributes": [
            [
              {
                "type": "get_attr",
                "value": "sensitive_content"
              }
            ]
          ],
          "identity_schema_version": 0,
          "dependencies": [
            "data.http.example",
            "null_resource.setup",
            "random_pet.suffix"
          ]
        }
      ]
    },
    {
      "mode": "managed",
      "type": "local_file",
      "name": "yaml_manifest",
      "provider": "provider[\"registry.terraform.io/hashicorp/local\"]",
      "instances": [
        {
          "schema_version": 0,
          "attributes": {
            "content": "\"metadata\":\n  \"name\": \"terraform-showcase-dev\"\n  \"owner_index\":\n    \"alice\": 0\n    \"bob\": 1\n  \"owners\":\n  - \"alice\"\n  - \"bob\"\n\"spec\":\n  \"feature_status\": \"enabled\"\n  \"note\": null\n  \"retries\": 3\n  \"tags\":\n    \"environment\": \"dev\"\n    \"managed_by\": \"terraform\"\n    \"project\": \"terraform-showcase\"\n    \"stack\": \"terraform\"\n    \"team\": \"platform\"\n",
            "content_base64": null,
            "content_base64sha256": "/KSvj4R8GBGklkr/OPru5xSPXd5+p8S4iecpDbDN0hA=",
            "content_base64sha512": "UFogF2ilmBu3EvzjuJ3tgke54Wy+1Z0LOHd3IXyjPMEYM4piHeMOQb7D0A4zAmnyWij8nK/uRzjr6oFiCYOmlg==",
            "content_md5": "986a322d535d6f43b59301ae2b1ceac0",
            "content_sha1": "87a992e1a104568cc9200a5deededf4b26b093ba",
            "content_sha256": "fca4af8f847c1811a4964aff38faeee7148f5dde7ea7c4b889e7290db0cdd210",
            "content_sha512": "505a201768a5981bb712fce3b89ded8247b9e16cbed59d0b387777217ca33cc118338a621de30e41bec3d00e330269f25a28fc9cafee4738ebea81620983a696",
            "directory_permission": "0777",
            "file_permission": "0777",
            "filename": "./manifest-terraform-showcase-dev.yaml",
            "id": "87a992e1a104568cc9200a5deededf4b26b093ba",
            "sensitive_content": null,
            "source": null
          },
          "sensitive_attributes": [
            [
              {
                "type": "get_attr",
                "value": "sensitive_content"
              }
            ]
          ],
          "identity_schema_version": 0
        }
      ]
    },
    {
      "mode": "managed",
      "type": "null_resource",
      "name": "setup",
      "provider": "provider[\"registry.terraform.io/hashicorp/null\"]",
      "instances": [
        {
          "index_key": 0,
          "schema_version": 0,
          "attributes": {
            "id": "5435045866598543531",
            "triggers": {
              "feature_status": "enabled",
              "prefix": "terraform-showcase-dev",
              "random_suffix": "special-tapir"
            }
          },
          "sensitive_attributes": [],
          "identity_schema_version": 0,
          "dependencies": [
            "random_pet.suffix"
          ]
        }
      ]
    },
    {
      "mode": "managed",
      "type": "random_pet",
      "name": "suffix",
      "provider": "provider[\"registry.terraform.io/hashicorp/random\"]",
      "instances": [
        {
          "schema_version": 0,
          "attributes": {
            "id": "special-tapir",
            "keepers": {
              "environment": "dev"
            },
            "length": 2,
            "prefix": null,
            "separator": "-"
          },
          "sensitive_attributes": [],
          "identity_schema_version": 0
        }
      ]
    },
    {
      "mode": "managed",
      "type": "terraform_data",
      "name": "derived",
      "provider": "provider[\"terraform.io/builtin/terraform\"]",
      "instances": [
        {
          "schema_version": 0,
          "attributes": {
            "id": "ac3a3e16-4ed4-927c-9202-068311bd50e1",
            "input": {
              "value": {
                "doubledRetries": 6,
                "owners": [
                  "alice",
                  "bob"
                ],
                "prefix": "terraform-showcase-dev",
                "random_suffix": "special-tapir",
                "retries": 3
              },
              "type": [
                "object",
                {
                  "doubledRetries": "number",
                  "owners": [
                    "list",
                    "string"
                  ],
                  "prefix": "string",
                  "random_suffix": "string",
                  "retries": "number"
                }
              ]
            },
            "output": {
              "value": {
                "doubledRetries": 6,
                "owners": [
                  "alice",
                  "bob"
                ],
                "prefix": "terraform-showcase-dev",
                "random_suffix": "special-tapir",
                "retries": 3
              },
              "type": [
                "object",
                {
                  "doubledRetries": "number",
                  "owners": [
                    "list",
                    "string"
                  ],
                  "prefix": "string",
                  "random_suffix": "string",
                  "retries": "number"
                }
              ]
            },
            "triggers_replace": {
              "value": [
                "special-tapir",
                "dev"
              ],
              "type": [
                "tuple",
                [
                  "string",
                  "string"
                ]
              ]
            }
          },
          "sensitive_attributes": [],
          "identity_schema_version": 0,
          "dependencies": [
            "random_pet.suffix"
          ]
        }
      ]
    }
  ],
  "check_results": [
    {
      "object_kind": "var",
      "config_addr": "var.environment",
      "status": "pass",
      "objects": [
        {
          "object_addr": "var.environment",
          "status": "pass"
        }
      ]
    },
    {
      "object_kind": "resource",
      "config_addr": "local_file.readme",
      "status": "pass",
      "objects": [
        {
          "object_addr": "local_file.readme",
          "status": "pass"
        }
      ]
    },
    {
      "object_kind": "check",
      "config_addr": "check.owner_count_check",
      "status": "pass",
      "objects": [
        {
          "object_addr": "check.owner_count_check",
          "status": "pass"
        }
      ]
    },
    {
      "object_kind": "var",
      "config_addr": "var.project_name",
      "status": "pass",
      "objects": [
        {
          "object_addr": "var.project_name",
          "status": "pass"
        }
      ]
    }
  ]
}
